
Microsoft Visual Studio Solution File, Format Version 12.00
# Visual Studio Version 17
VisualStudioVersion = 17.3.32901.215
MinimumVisualStudioVersion = 10.0.40219.1
Project("{FAE04EC0-301F-11D3-BF4B-00C04F79EFBC}") = "Linq with Csharp", "Linq with Csharp.csproj", "{6457932F-A7E6-4A97-A8CC-468F5E489A2D}"
EndProject
Global
	GlobalSection(SolutionConfigurationPlatforms) = preSolution
		Debug|Any CPU = Debug|Any CPU
		Release|Any CPU = Release|Any CPU
	EndGlobalSection
	GlobalSection(ProjectConfigurationPlatforms) = postSolution
		{6457932F-A7E6-4A97-A8CC-468F5E489A2D}.Debug|Any CPU.ActiveCfg = Debug|Any CPU
		{6457932F-A7E6-4A97-A8CC-468F5E489A2D}.Debug|Any CPU.Build.0 = Debug|Any CPU
		{6457932F-A7E6-4A97-A8CC-468F5E489A2D}.Release|Any CPU.ActiveCfg = Release|Any CPU
		{6457932F-A7E6-4A97-A8CC-468F5E489A2D}.Release|Any CPU.Build.0 = Release|Any CPU
	EndGlobalSection
	GlobalSection(SolutionProperties) = preSolution
		HideSolutionNode = FALSE
	EndGlobalSection
	GlobalSection(ExtensibilityGlobals) = postSolution
		SolutionGuid = {4893BDA9-73FF-4929-96AE-FB129CD315A1}
	EndGlobalSection
EndGlobal
